
Microsoft Visual Studio Solution File, Format Version 12.00
# Visual Studio Version 17
VisualStudioVersion = 17.14.36623.8 d17.14
MinimumVisualStudioVersion = 10.0.40219.1
Project("{2150E333-8FDC-42A3-9474-1A3956D46DE8}") = "Task0", "Task0", "{02EA681E-C7D8-13C7-8484-4AC65E1B71E8}"
EndProject
Project("{FAE04EC0-301F-11D3-BF4B-00C04F79EFBC}") = "Tyuiu.SoldatovaPA.Sprint4.Task0.V12", "Tyuiu.SoldatovaPA.Sprint4.Task0.V12\Tyuiu.SoldatovaPA.Sprint4.Task0.V12.csproj", "{09F3AD9A-0F9C-43E4-B2AB-68FC61DE0B80}"
EndProject
Project("{FAE04EC0-301F-11D3-BF4B-00C04F79EFBC}") = "Tyuiu.SoldatovaPA.Sprint4.Task0.V12.Lib", "Tyuiu.SoldatovaPA.Sprint4.Task0.V12.Lib\Tyuiu.SoldatovaPA.Sprint4.Task0.V12.Lib.csproj", "{2C358296-87D7-4E45-AFBA-C39164D22E7B}"
EndProject
Project("{FAE04EC0-301F-11D3-BF4B-00C04F79EFBC}") = "Tyuiu.SoldatovaPA.Sprint4.Task0.V12.Test", "Tyuiu.SoldatovaPA.Sprint4.Task0.V12.Test\Tyuiu.SoldatovaPA.Sprint4.Task0.V12.Test.csproj", "{F0FB1C37-D2AA-4AD5-A795-F3C3513E83C6}"
EndProject
Project("{2150E333-8FDC-42A3-9474-1A3956D46DE8}") = "Task1", "Task1", "{6A867FBB-8702-4F6F-83D0-C1B1684A2F80}"
EndProject
Project("{FAE04EC0-301F-11D3-BF4B-00C04F79EFBC}") = "Tyuiu.SoldatovaPA.Sprint4.Task1.V30", "Tyuiu.SoldatovaPA.Sprint4.Task1.V30\Tyuiu.SoldatovaPA.Sprint4.Task1.V30.csproj", "{B8DCBDFD-B28C-4FE7-8595-0C19EE87404D}"
EndProject
Project("{FAE04EC0-301F-11D3-BF4B-00C04F79EFBC}") = "Tyuiu.SoldatovaPA.Sprint4.Task1.V30.Lib", "Tyuiu.SoldatovaPA.Sprint4.Task1.V30.Lib\Tyuiu.SoldatovaPA.Sprint4.Task1.V30.Lib.csproj", "{A8286600-2A18-4F95-9A4A-A370640B655F}"
EndProject
Project("{FAE04EC0-301F-11D3-BF4B-00C04F79EFBC}") = "Tyuiu.SoldatovaPA.Sprint4.Task1.V30.Test", "Tyuiu.SoldatovaPA.Sprint4.Task1.V30.Test\Tyuiu.SoldatovaPA.Sprint4.Task1.V30.Test.csproj", "{4E046DA8-D26D-4E01-B359-9068134C54B6}"
EndProject
Project("{2150E333-8FDC-42A3-9474-1A3956D46DE8}") = "Task2", "Task2", "{1824E509-8CDA-4AEB-9F92-FDB22822DCAF}"
EndProject
Project("{FAE04EC0-301F-11D3-BF4B-00C04F79EFBC}") = "Tyuiu.SoldatovaPA.Sprint4.Task2.V23", "Tyuiu.SoldatovaPA.Sprint4.Task2.V23\Tyuiu.SoldatovaPA.Sprint4.Task2.V23.csproj", "{F76049C4-B22D-4E31-98B4-703C0CB01905}"
EndProject
Project("{FAE04EC0-301F-11D3-BF4B-00C04F79EFBC}") = "Tyuiu.SoldatovaPA.Sprint4.Task2.V23.Lib", "Tyuiu.SoldatovaPA.Sprint4.Task2.V23.Lib\Tyuiu.SoldatovaPA.Sprint4.Task2.V23.Lib.csproj", "{80440BDF-E19F-4BB7-B9AB-5719E378DC69}"
EndProject
Project("{FAE04EC0-301F-11D3-BF4B-00C04F79EFBC}") = "Tyuiu.SoldatovaPA.Sprint4.Task2.V23.Test", "Tyuiu.SoldatovaPA.Sprint4.Task2.V23.Test\Tyuiu.SoldatovaPA.Sprint4.Task2.V23.Test.csproj", "{A82A1723-3634-48A8-AB45-22F1B7A42BB1}"
EndProject
Project("{2150E333-8FDC-42A3-9474-1A3956D46DE8}") = "Task3", "Task3", "{71FD5855-7A32-4B7B-94F6-639636FBB35A}"
EndProject
Project("{FAE04EC0-301F-11D3-BF4B-00C04F79EFBC}") = "Tyuiu.SoldatovaPA.Sprint4.Task3.V8", "Tyuiu.SoldatovaPA.Sprint4.Task3.V8\Tyuiu.SoldatovaPA.Sprint4.Task3.V8.csproj", "{EC018431-0C17-4CA2-9943-CACFEFF54307}"
EndProject
Project("{FAE04EC0-301F-11D3-BF4B-00C04F79EFBC}") = "Tyuiu.SoldatovaPA.Sprint4.Task3.V8.Lib", "Tyuiu.SoldatovaPA.Sprint4.Task3.V8.Lib\Tyuiu.SoldatovaPA.Sprint4.Task3.V8.Lib.csproj", "{125A78C0-7906-4884-937B-8357275FF5CE}"
EndProject
Project("{FAE04EC0-301F-11D3-BF4B-00C04F79EFBC}") = "Tyuiu.SoldatovaPA.Sprint4.Task3.V8.Test", "Tyuiu.SoldatovaPA.Sprint4.Task3.V8.Test\Tyuiu.SoldatovaPA.Sprint4.Task3.V8.Test.csproj", "{F6F07D8B-D3A4-479E-B12A-120D40F1FE7C}"
EndProject
Project("{2150E333-8FDC-42A3-9474-1A3956D46DE8}") = "Task4", "Task4", "{4EC0170D-7FA8-4F55-BD6E-A79D961B1AF0}"
EndProject
Project("{FAE04EC0-301F-11D3-BF4B-00C04F79EFBC}") = "Tyuiu.SoldatovaPA.Sprint4.Task4.V30", "Tyuiu.SoldatovaPA.Sprint4.Task4.V30\Tyuiu.SoldatovaPA.Sprint4.Task4.V30.csproj", "{235CB8F1-630B-4B68-8FCA-823E9C058621}"
EndProject
Project("{FAE04EC0-301F-11D3-BF4B-00C04F79EFBC}") = "Tyuiu.SoldatovaPA.Sprint4.Task4.V30.Lib", "Tyuiu.SoldatovaPA.Sprint4.Task4.V30.Lib\Tyuiu.SoldatovaPA.Sprint4.Task4.V30.Lib.csproj", "{1F4CB863-9F6F-4A7D-BC61-7CEA1FD4979E}"
EndProject
Project("{FAE04EC0-301F-11D3-BF4B-00C04F79EFBC}") = "Tyuiu.SoldatovaPA.Sprint4.Task4.V30.Test", "Tyuiu.SoldatovaPA.Sprint4.Task4.V30.Test\Tyuiu.SoldatovaPA.Sprint4.Task4.V30.Test.csproj", "{C3079DBA-63A9-4572-AA45-8C8F8F3A63AB}"
EndProject
Project("{2150E333-8FDC-42A3-9474-1A3956D46DE8}") = "Task5", "Task5", "{B94EBE9F-0E03-4C52-9C28-5116945172C6}"
EndProject
Project("{FAE04EC0-301F-11D3-BF4B-00C04F79EFBC}") = "Tyuiu.SoldatovaPA.Sprint4.Task5.V16", "Tyuiu.SoldatovaPA.Sprint4.Task5.V16\Tyuiu.SoldatovaPA.Sprint4.Task5.V16.csproj", "{851BCB43-497A-4A1B-874E-6CE3C0F923A7}"
EndProject
Project("{FAE04EC0-301F-11D3-BF4B-00C04F79EFBC}") = "Tyuiu.SoldatovaPA.Sprint4.Task5.V16.Lib", "Tyuiu.SoldatovaPA.Sprint4.Task5.V16.Lib\Tyuiu.SoldatovaPA.Sprint4.Task5.V16.Lib.csproj", "{3F8C1574-D34D-4273-B751-7C8F86A611E8}"
EndProject
Project("{FAE04EC0-301F-11D3-BF4B-00C04F79EFBC}") = "Tyuiu.SoldatovaPA.Sprint4.Task5.V16.Test", "Tyuiu.SoldatovaPA.Sprint4.Task5.V16.Test\Tyuiu.SoldatovaPA.Sprint4.Task5.V16.Test.csproj", "{648FFC12-B98A-4275-B29D-BBBF6BD7A644}"
EndProject
Project("{2150E333-8FDC-42A3-9474-1A3956D46DE8}") = "Task6", "Task6", "{00CE1E02-50E3-44FA-9E5A-43B3A34E21DC}"
EndProject
Project("{FAE04EC0-301F-11D3-BF4B-00C04F79EFBC}") = "Tyuiu.SoldatovaPA.Sprint4.Task6.V30", "Tyuiu.SoldatovaPA.Sprint4.Task6.V30\Tyuiu.SoldatovaPA.Sprint4.Task6.V30.csproj", "{C90FB49B-B338-4C73-A5CC-D8ED4E6650AF}"
EndProject
Project("{FAE04EC0-301F-11D3-BF4B-00C04F79EFBC}") = "Tyuiu.SoldatovaPA.Sprint4.Task6.V30.Lib", "Tyuiu.SoldatovaPA.Sprint4.Task6.V30.Lib\Tyuiu.SoldatovaPA.Sprint4.Task6.V30.Lib.csproj", "{1FF45E6B-254C-4841-BBA2-022D7B4121A7}"
EndProject
Project("{FAE04EC0-301F-11D3-BF4B-00C04F79EFBC}") = "Tyuiu.SoldatovaPA.Sprint4.Task6.V30.Test", "Tyuiu.SoldatovaPA.Sprint4.Task6.V30.Test\Tyuiu.SoldatovaPA.Sprint4.Task6.V30.Test.csproj", "{6A62EB9E-F5C0-41CB-A6FC-AEDE287C5F6D}"
EndProject
Project("{2150E333-8FDC-42A3-9474-1A3956D46DE8}") = "Task7", "Task7", "{F043B19C-EBB3-4A28-8BC6-4FBACD8D99B3}"
EndProject
Project("{FAE04EC0-301F-11D3-BF4B-00C04F79EFBC}") = "Tyuiu.SoldatovaPA.Sprint4.Task7.V11", "Tyuiu.SoldatovaPA.Sprint4.Task7.V11\Tyuiu.SoldatovaPA.Sprint4.Task7.V11.csproj", "{ABBF6CBC-E5CC-4B6F-99F9-599E2CF995E5}"
EndProject
Project("{FAE04EC0-301F-11D3-BF4B-00C04F79EFBC}") = "Tyuiu.SoldatovaPA.Sprint4.Task7.V11.Lib", "Tyuiu.SoldatovaPA.Sprint4.Task7.V11.Lib\Tyuiu.SoldatovaPA.Sprint4.Task7.V11.Lib.csproj", "{EAF5483B-2C4A-454E-A0F9-2CE0DAD5D322}"
EndProject
Project("{FAE04EC0-301F-11D3-BF4B-00C04F79EFBC}") = "Tyuiu.SoldatovaPA.Sprint4.Task7.V11.Test", "Tyuiu.SoldatovaPA.Sprint4.Task7.V11.Test\Tyuiu.SoldatovaPA.Sprint4.Task7.V11.Test.csproj", "{F9D10C56-AB45-45BE-AABB-CED021461300}"
EndProject
Global
	GlobalSection(SolutionConfigurationPlatforms) = preSolution
		Debug|Any CPU = Debug|Any CPU
		Release|Any CPU = Release|Any CPU
	EndGlobalSection
	GlobalSection(ProjectConfigurationPlatforms) = postSolution
		{09F3AD9A-0F9C-43E4-B2AB-68FC61DE0B80}.Debug|Any CPU.ActiveCfg = Debug|Any CPU
		{09F3AD9A-0F9C-43E4-B2AB-68FC61DE0B80}.Debug|Any CPU.Build.0 = Debug|Any CPU
		{09F3AD9A-0F9C-43E4-B2AB-68FC61DE0B80}.Release|Any CPU.ActiveCfg = Release|Any CPU
		{09F3AD9A-0F9C-43E4-B2AB-68FC61DE0B80}.Release|Any CPU.Build.0 = Release|Any CPU
		{2C358296-87D7-4E45-AFBA-C39164D22E7B}.Debug|Any CPU.ActiveCfg = Debug|Any CPU
		{2C358296-87D7-4E45-AFBA-C39164D22E7B}.Debug|Any CPU.Build.0 = Debug|Any CPU
		{2C358296-87D7-4E45-AFBA-C39164D22E7B}.Release|Any CPU.ActiveCfg = Release|Any CPU
		{2C358296-87D7-4E45-AFBA-C39164D22E7B}.Release|Any CPU.Build.0 = Release|Any CPU
		{F0FB1C37-D2AA-4AD5-A795-F3C3513E83C6}.Debug|Any CPU.ActiveCfg = Debug|Any CPU
		{F0FB1C37-D2AA-4AD5-A795-F3C3513E83C6}.Debug|Any CPU.Build.0 = Debug|Any CPU
		{F0FB1C37-D2AA-4AD5-A795-F3C3513E83C6}.Release|Any CPU.ActiveCfg = Release|Any CPU
		{F0FB1C37-D2AA-4AD5-A795-F3C3513E83C6}.Release|Any CPU.Build.0 = Release|Any CPU
		{B8DCBDFD-B28C-4FE7-8595-0C19EE87404D}.Debug|Any CPU.ActiveCfg = Debug|Any CPU
		{B8DCBDFD-B28C-4FE7-8595-0C19EE87404D}.Debug|Any CPU.Build.0 = Debug|Any CPU
		{B8DCBDFD-B28C-4FE7-8595-0C19EE87404D}.Release|Any CPU.ActiveCfg = Release|Any CPU
		{B8DCBDFD-B28C-4FE7-8595-0C19EE87404D}.Release|Any CPU.Build.0 = Release|Any CPU
		{A8286600-2A18-4F95-9A4A-A370640B655F}.Debug|Any CPU.ActiveCfg = Debug|Any CPU
		{A8286600-2A18-4F95-9A4A-A370640B655F}.Debug|Any CPU.Build.0 = Debug|Any CPU
		{A8286600-2A18-4F95-9A4A-A370640B655F}.Release|Any CPU.ActiveCfg = Release|Any CPU
		{A8286600-2A18-4F95-9A4A-A370640B655F}.Release|Any CPU.Build.0 = Release|Any CPU
		{4E046DA8-D26D-4E01-B359-9068134C54B6}.Debug|Any CPU.ActiveCfg = Debug|Any CPU
		{4E046DA8-D26D-4E01-B359-9068134C54B6}.Debug|Any CPU.Build.0 = Debug|Any CPU
		{4E046DA8-D26D-4E01-B359-9068134C54B6}.Release|Any CPU.ActiveCfg = Release|Any CPU
		{4E046DA8-D26D-4E01-B359-9068134C54B6}.Release|Any CPU.Build.0 = Release|Any CPU
		{F76049C4-B22D-4E31-98B4-703C0CB01905}.Debug|Any CPU.ActiveCfg = Debug|Any CPU
		{F76049C4-B22D-4E31-98B4-703C0CB01905}.Debug|Any CPU.Build.0 = Debug|Any CPU
		{F76049C4-B22D-4E31-98B4-703C0CB01905}.Release|Any CPU.ActiveCfg = Release|Any CPU
		{F76049C4-B22D-4E31-98B4-703C0CB01905}.Release|Any CPU.Build.0 = Release|Any CPU
		{80440BDF-E19F-4BB7-B9AB-5719E378DC69}.Debug|Any CPU.ActiveCfg = Debug|Any CPU
		{80440BDF-E19F-4BB7-B9AB-5719E378DC69}.Debug|Any CPU.Build.0 = Debug|Any CPU
		{80440BDF-E19F-4BB7-B9AB-5719E378DC69}.Release|Any CPU.ActiveCfg = Release|Any CPU
		{80440BDF-E19F-4BB7-B9AB-5719E378DC69}.Release|Any CPU.Build.0 = Release|Any CPU
		{A82A1723-3634-48A8-AB45-22F1B7A42BB1}.Debug|Any CPU.ActiveCfg = Debug|Any CPU
		{A82A1723-3634-48A8-AB45-22F1B7A42BB1}.Debug|Any CPU.Build.0 = Debug|Any CPU
		{A82A1723-3634-48A8-AB45-22F1B7A42BB1}.Release|Any CPU.ActiveCfg = Release|Any CPU
		{A82A1723-3634-48A8-AB45-22F1B7A42BB1}.Release|Any CPU.Build.0 = Release|Any CPU
		{EC018431-0C17-4CA2-9943-CACFEFF54307}.Debug|Any CPU.ActiveCfg = Debug|Any CPU
		{EC018431-0C17-4CA2-9943-CACFEFF54307}.Debug|Any CPU.Build.0 = Debug|Any CPU
		{EC018431-0C17-4CA2-9943-CACFEFF54307}.Release|Any CPU.ActiveCfg = Release|Any CPU
		{EC018431-0C17-4CA2-9943-CACFEFF54307}.Release|Any CPU.Build.0 = Release|Any CPU
		{125A78C0-7906-4884-937B-8357275FF5CE}.Debug|Any CPU.ActiveCfg = Debug|Any CPU
		{125A78C0-7906-4884-937B-8357275FF5CE}.Debug|Any CPU.Build.0 = Debug|Any CPU
		{125A78C0-7906-4884-937B-8357275FF5CE}.Release|Any CPU.ActiveCfg = Release|Any CPU
		{125A78C0-7906-4884-937B-8357275FF5CE}.Release|Any CPU.Build.0 = Release|Any CPU
		{F6F07D8B-D3A4-479E-B12A-120D40F1FE7C}.Debug|Any CPU.ActiveCfg = Debug|Any CPU
		{F6F07D8B-D3A4-479E-B12A-120D40F1FE7C}.Debug|Any CPU.Build.0 = Debug|Any CPU
		{F6F07D8B-D3A4-479E-B12A-120D40F1FE7C}.Release|Any CPU.ActiveCfg = Release|Any CPU
		{F6F07D8B-D3A4-479E-B12A-120D40F1FE7C}.Release|Any CPU.Build.0 = Release|Any CPU
		{235CB8F1-630B-4B68-8FCA-823E9C058621}.Debug|Any CPU.ActiveCfg = Debug|Any CPU
		{235CB8F1-630B-4B68-8FCA-823E9C058621}.Debug|Any CPU.Build.0 = Debug|Any CPU
		{235CB8F1-630B-4B68-8FCA-823E9C058621}.Release|Any CPU.ActiveCfg = Release|Any CPU
		{235CB8F1-630B-4B68-8FCA-823E9C058621}.Release|Any CPU.Build.0 = Release|Any CPU
		{1F4CB863-9F6F-4A7D-BC61-7CEA1FD4979E}.Debug|Any CPU.ActiveCfg = Debug|Any CPU
		{1F4CB863-9F6F-4A7D-BC61-7CEA1FD4979E}.Debug|Any CPU.Build.0 = Debug|Any CPU
		{1F4CB863-9F6F-4A7D-BC61-7CEA1FD4979E}.Release|Any CPU.ActiveCfg = Release|Any CPU
		{1F4CB863-9F6F-4A7D-BC61-7CEA1FD4979E}.Release|Any CPU.Build.0 = Release|Any CPU
		{C3079DBA-63A9-4572-AA45-8C8F8F3A63AB}.Debug|Any CPU.ActiveCfg = Debug|Any CPU
		{C3079DBA-63A9-4572-AA45-8C8F8F3A63AB}.Debug|Any CPU.Build.0 = Debug|Any CPU
		{C3079DBA-63A9-4572-AA45-8C8F8F3A63AB}.Release|Any CPU.ActiveCfg = Release|Any CPU
		{C3079DBA-63A9-4572-AA45-8C8F8F3A63AB}.Release|Any CPU.Build.0 = Release|Any CPU
		{851BCB43-497A-4A1B-874E-6CE3C0F923A7}.Debug|Any CPU.ActiveCfg = Debug|Any CPU
		{851BCB43-497A-4A1B-874E-6CE3C0F923A7}.Debug|Any CPU.Build.0 = Debug|Any CPU
		{851BCB43-497A-4A1B-874E-6CE3C0F923A7}.Release|Any CPU.ActiveCfg = Release|Any CPU
		{851BCB43-497A-4A1B-874E-6CE3C0F923A7}.Release|Any CPU.Build.0 = Release|Any CPU
		{3F8C1574-D34D-4273-B751-7C8F86A611E8}.Debug|Any CPU.ActiveCfg = Debug|Any CPU
		{3F8C1574-D34D-4273-B751-7C8F86A611E8}.Debug|Any CPU.Build.0 = Debug|Any CPU
		{3F8C1574-D34D-4273-B751-7C8F86A611E8}.Release|Any CPU.ActiveCfg = Release|Any CPU
		{3F8C1574-D34D-4273-B751-7C8F86A611E8}.Release|Any CPU.Build.0 = Release|Any CPU
		{648FFC12-B98A-4275-B29D-BBBF6BD7A644}.Debug|Any CPU.ActiveCfg = Debug|Any CPU
		{648FFC12-B98A-4275-B29D-BBBF6BD7A644}.Debug|Any CPU.Build.0 = Debug|Any CPU
		{648FFC12-B98A-4275-B29D-BBBF6BD7A644}.Release|Any CPU.ActiveCfg = Release|Any CPU
		{648FFC12-B98A-4275-B29D-BBBF6BD7A644}.Release|Any CPU.Build.0 = Release|Any CPU
		{C90FB49B-B338-4C73-A5CC-D8ED4E6650AF}.Debug|Any CPU.ActiveCfg = Debug|Any CPU
		{C90FB49B-B338-4C73-A5CC-D8ED4E6650AF}.Debug|Any CPU.Build.0 = Debug|Any CPU
		{C90FB49B-B338-4C73-A5CC-D8ED4E6650AF}.Release|Any CPU.ActiveCfg = Release|Any CPU
		{C90FB49B-B338-4C73-A5CC-D8ED4E6650AF}.Release|Any CPU.Build.0 = Release|Any CPU
		{1FF45E6B-254C-4841-BBA2-022D7B4121A7}.Debug|Any CPU.ActiveCfg = Debug|Any CPU
		{1FF45E6B-254C-4841-BBA2-022D7B4121A7}.Debug|Any CPU.Build.0 = Debug|Any CPU
		{1FF45E6B-254C-4841-BBA2-022D7B4121A7}.Release|Any CPU.ActiveCfg = Release|Any CPU
		{1FF45E6B-254C-4841-BBA2-022D7B4121A7}.Release|Any CPU.Build.0 = Release|Any CPU
		{6A62EB9E-F5C0-41CB-A6FC-AEDE287C5F6D}.Debug|Any CPU.ActiveCfg = Debug|Any CPU
		{6A62EB9E-F5C0-41CB-A6FC-AEDE287C5F6D}.Debug|Any CPU.Build.0 = Debug|Any CPU
		{6A62EB9E-F5C0-41CB-A6FC-AEDE287C5F6D}.Release|Any CPU.ActiveCfg = Release|Any CPU
		{6A62EB9E-F5C0-41CB-A6FC-AEDE287C5F6D}.Release|Any CPU.Build.0 = Release|Any CPU
		{ABBF6CBC-E5CC-4B6F-99F9-599E2CF995E5}.Debug|Any CPU.ActiveCfg = Debug|Any CPU
		{ABBF6CBC-E5CC-4B6F-99F9-599E2CF995E5}.Debug|Any CPU.Build.0 = Debug|Any CPU
		{ABBF6CBC-E5CC-4B6F-99F9-599E2CF995E5}.Release|Any CPU.ActiveCfg = Release|Any CPU
		{ABBF6CBC-E5CC-4B6F-99F9-599E2CF995E5}.Release|Any CPU.Build.0 = Release|Any CPU
		{EAF5483B-2C4A-454E-A0F9-2CE0DAD5D322}.Debug|Any CPU.ActiveCfg = Debug|Any CPU
		{EAF5483B-2C4A-454E-A0F9-2CE0DAD5D322}.Debug|Any CPU.Build.0 = Debug|Any CPU
		{EAF5483B-2C4A-454E-A0F9-2CE0DAD5D322}.Release|Any CPU.ActiveCfg = Release|Any CPU
		{EAF5483B-2C4A-454E-A0F9-2CE0DAD5D322}.Release|Any CPU.Build.0 = Release|Any CPU
		{F9D10C56-AB45-45BE-AABB-CED021461300}.Debug|Any CPU.ActiveCfg = Debug|Any CPU
		{F9D10C56-AB45-45BE-AABB-CED021461300}.Debug|Any CPU.Build.0 = Debug|Any CPU
		{F9D10C56-AB45-45BE-AABB-CED021461300}.Release|Any CPU.ActiveCfg = Release|Any CPU
		{F9D10C56-AB45-45BE-AABB-CED021461300}.Release|Any CPU.Build.0 = Release|Any CPU
	EndGlobalSection
	GlobalSection(SolutionProperties) = preSolution
		HideSolutionNode = FALSE
	EndGlobalSection
	GlobalSection(NestedProjects) = preSolution
		{09F3AD9A-0F9C-43E4-B2AB-68FC61DE0B80} = {02EA681E-C7D8-13C7-8484-4AC65E1B71E8}
		{2C358296-87D7-4E45-AFBA-C39164D22E7B} = {02EA681E-C7D8-13C7-8484-4AC65E1B71E8}
		{F0FB1C37-D2AA-4AD5-A795-F3C3513E83C6} = {02EA681E-C7D8-13C7-8484-4AC65E1B71E8}
		{B8DCBDFD-B28C-4FE7-8595-0C19EE87404D} = {6A867FBB-8702-4F6F-83D0-C1B1684A2F80}
		{A8286600-2A18-4F95-9A4A-A370640B655F} = {6A867FBB-8702-4F6F-83D0-C1B1684A2F80}
		{4E046DA8-D26D-4E01-B359-9068134C54B6} = {6A867FBB-8702-4F6F-83D0-C1B1684A2F80}
		{F76049C4-B22D-4E31-98B4-703C0CB01905} = {1824E509-8CDA-4AEB-9F92-FDB22822DCAF}
		{80440BDF-E19F-4BB7-B9AB-5719E378DC69} = {1824E509-8CDA-4AEB-9F92-FDB22822DCAF}
		{A82A1723-3634-48A8-AB45-22F1B7A42BB1} = {1824E509-8CDA-4AEB-9F92-FDB22822DCAF}
		{EC018431-0C17-4CA2-9943-CACFEFF54307} = {71FD5855-7A32-4B7B-94F6-639636FBB35A}
		{125A78C0-7906-4884-937B-8357275FF5CE} = {71FD5855-7A32-4B7B-94F6-639636FBB35A}
		{F6F07D8B-D3A4-479E-B12A-120D40F1FE7C} = {71FD5855-7A32-4B7B-94F6-639636FBB35A}
		{235CB8F1-630B-4B68-8FCA-823E9C058621} = {4EC0170D-7FA8-4F55-BD6E-A79D961B1AF0}
		{1F4CB863-9F6F-4A7D-BC61-7CEA1FD4979E} = {4EC0170D-7FA8-4F55-BD6E-A79D961B1AF0}
		{C3079DBA-63A9-4572-AA45-8C8F8F3A63AB} = {4EC0170D-7FA8-4F55-BD6E-A79D961B1AF0}
		{851BCB43-497A-4A1B-874E-6CE3C0F923A7} = {B94EBE9F-0E03-4C52-9C28-5116945172C6}
		{3F8C1574-D34D-4273-B751-7C8F86A611E8} = {B94EBE9F-0E03-4C52-9C28-5116945172C6}
		{648FFC12-B98A-4275-B29D-BBBF6BD7A644} = {B94EBE9F-0E03-4C52-9C28-5116945172C6}
		{C90FB49B-B338-4C73-A5CC-D8ED4E6650AF} = {00CE1E02-50E3-44FA-9E5A-43B3A34E21DC}
		{1FF45E6B-254C-4841-BBA2-022D7B4121A7} = {00CE1E02-50E3-44FA-9E5A-43B3A34E21DC}
		{6A62EB9E-F5C0-41CB-A6FC-AEDE287C5F6D} = {00CE1E02-50E3-44FA-9E5A-43B3A34E21DC}
		{ABBF6CBC-E5CC-4B6F-99F9-599E2CF995E5} = {F043B19C-EBB3-4A28-8BC6-4FBACD8D99B3}
		{EAF5483B-2C4A-454E-A0F9-2CE0DAD5D322} = {F043B19C-EBB3-4A28-8BC6-4FBACD8D99B3}
		{F9D10C56-AB45-45BE-AABB-CED021461300} = {F043B19C-EBB3-4A28-8BC6-4FBACD8D99B3}
	EndGlobalSection
	GlobalSection(ExtensibilityGlobals) = postSolution
		SolutionGuid = {02B0E39A-7594-40F0-80C4-CE45E8D1CE14}
	EndGlobalSection
EndGlobal
